
Microsoft Visual Studio Solution File, Format Version 12.00
# Visual Studio Version 16
VisualStudioVersion = 16.0.30804.86
MinimumVisualStudioVersion = 10.0.40219.1
Project("{FAE04EC0-301F-11D3-BF4B-00C04F79EFBC}") = "A1-PROG8170", "A1-PROG8170\A1-PROG8170.csproj", "{9716EDB6-DD5B-4B3A-BFD9-B262CCB03730}"
EndProject
Project("{FAE04EC0-301F-11D3-BF4B-00C04F79EFBC}") = "Testing-A1", "Testing-A1\Testing-A1.csproj", "{37ED0E6D-442C-46B0-B4ED-0FFA6B931E11}"
EndProject
Global
	GlobalSection(SolutionConfigurationPlatforms) = preSolution
		Debug|Any CPU = Debug|Any CPU
		Release|Any CPU = Release|Any CPU
	EndGlobalSection
	GlobalSection(ProjectConfigurationPlatforms) = postSolution
		{9716EDB6-DD5B-4B3A-BFD9-B262CCB03730}.Debug|Any CPU.ActiveCfg = Debug|Any CPU
		{9716EDB6-DD5B-4B3A-BFD9-B262CCB03730}.Debug|Any CPU.Build.0 = Debug|Any CPU
		{9716EDB6-DD5B-4B3A-BFD9-B262CCB03730}.Release|Any CPU.ActiveCfg = Release|Any CPU
		{9716EDB6-DD5B-4B3A-BFD9-B262CCB03730}.Release|Any CPU.Build.0 = Release|Any CPU
		{37ED0E6D-442C-46B0-B4ED-0FFA6B931E11}.Debug|Any CPU.ActiveCfg = Debug|Any CPU
		{37ED0E6D-442C-46B0-B4ED-0FFA6B931E11}.Debug|Any CPU.Build.0 = Debug|Any CPU
		{37ED0E6D-442C-46B0-B4ED-0FFA6B931E11}.Release|Any CPU.ActiveCfg = Release|Any CPU
		{37ED0E6D-442C-46B0-B4ED-0FFA6B931E11}.Release|Any CPU.Build.0 = Release|Any CPU
	EndGlobalSection
	GlobalSection(SolutionProperties) = preSolution
		HideSolutionNode = FALSE
	EndGlobalSection
	GlobalSection(ExtensibilityGlobals) = postSolution
		SolutionGuid = {6E869267-E6F2-42EA-8984-5A6AB6D91C7B}
	EndGlobalSection
EndGlobal
